// !$*UTF8*$!
{
	archiveVersion = 1;
	classes = {
	};
	objectVersion = 50;
	objects = {

/* Begin PBXBuildFile section */
		CB239FD322A77CAA00A2C4E9 /* AppDelegate.swift in Sources */ = {isa = PBXBuildFile; fileRef = CB239FD222A77CAA00A2C4E9 /* AppDelegate.swift */; };
		CB239FD522A77CAA00A2C4E9 /* ViewController.swift in Sources */ = {isa = PBXBuildFile; fileRef = CB239FD422A77CAA00A2C4E9 /* ViewController.swift */; };
		CB239FDA22A77CAC00A2C4E9 /* Assets.xcassets in Resources */ = {isa = PBXBuildFile; fileRef = CB239FD922A77CAC00A2C4E9 /* Assets.xcassets */; };
		CB239FDD22A77CAC00A2C4E9 /* LaunchScreen.storyboard in Resources */ = {isa = PBXBuildFile; fileRef = CB239FDB22A77CAC00A2C4E9 /* LaunchScreen.storyboard */; };
		CB70D52122B5EFFE003C6693 /* CS-Vivid.mlmodel in Sources */ = {isa = PBXBuildFile; fileRef = CB70D52022B5EFFD003C6693 /* CS-Vivid.mlmodel */; };
		CB70D52322B5F119003C6693 /* CW-Vivid2.mlmodel in Sources */ = {isa = PBXBuildFile; fileRef = CB70D52222B5F119003C6693 /* CW-Vivid2.mlmodel */; };
		CB70D52522B5F28A003C6693 /* MM-Vivid2.mlmodel in Sources */ = {isa = PBXBuildFile; fileRef = CB70D52422B5F28A003C6693 /* MM-Vivid2.mlmodel */; };
		CB70D52722B6067C003C6693 /* CaptureResults.swift in Sources */ = {isa = PBXBuildFile; fileRef = CB70D52622B6067C003C6693 /* CaptureResults.swift */; };
		CBCAA82022AF9F11001626B4 /* HomeController.swift in Sources */ = {isa = PBXBuildFile; fileRef = CBCAA81F22AF9F11001626B4 /* HomeController.swift */; };
		CBCAA82222AF9F22001626B4 /* HomeViews.swift in Sources */ = {isa = PBXBuildFile; fileRef = CBCAA82122AF9F22001626B4 /* HomeViews.swift */; };
		CBE641A522B478AB001BFE48 /* MM-Vivid.mlmodel in Sources */ = {isa = PBXBuildFile; fileRef = CBE641A422B478AB001BFE48 /* MM-Vivid.mlmodel */; };
		CBE641A722B4A9C6001BFE48 /* ModelTester.swift in Sources */ = {isa = PBXBuildFile; fileRef = CBE641A622B4A9C6001BFE48 /* ModelTester.swift */; };
		CBE641A922B4C618001BFE48 /* CW-Vivid.mlmodel in Sources */ = {isa = PBXBuildFile; fileRef = CBE641A822B4C618001BFE48 /* CW-Vivid.mlmodel */; };
/* End PBXBuildFile section */

/* Begin PBXFileReference section */
		CB239FCF22A77CAA00A2C4E9 /* Viv-ID.app */ = {isa = PBXFileReference; explicitFileType = wrapper.application; includeInIndex = 0; path = "Viv-ID.app"; sourceTree = BUILT_PRODUCTS_DIR; };
		CB239FD222A77CAA00A2C4E9 /* AppDelegate.swift */ = {isa = PBXFileReference; lastKnownFileType = sourcecode.swift; path = AppDelegate.swift; sourceTree = "<group>"; };
		CB239FD422A77CAA00A2C4E9 /* ViewController.swift */ = {isa = PBXFileReference; lastKnownFileType = sourcecode.swift; path = ViewController.swift; sourceTree = "<group>"; };
		CB239FD922A77CAC00A2C4E9 /* Assets.xcassets */ = {isa = PBXFileReference; lastKnownFileType = folder.assetcatalog; path = Assets.xcassets; sourceTree = "<group>"; };
		CB239FDC22A77CAC00A2C4E9 /* Base */ = {isa = PBXFileReference; lastKnownFileType = file.storyboard; name = Base; path = Base.lproj/LaunchScreen.storyboard; sourceTree = "<group>"; };
		CB239FDE22A77CAC00A2C4E9 /* Info.plist */ = {isa = PBXFileReference; lastKnownFileType = text.plist.xml; path = Info.plist; sourceTree = "<group>"; };
		CB70D52022B5EFFD003C6693 /* CS-Vivid.mlmodel */ = {isa = PBXFileReference; lastKnownFileType = file.mlmodel; path = "CS-Vivid.mlmodel"; sourceTree = "<group>"; };
		CB70D52222B5F119003C6693 /* CW-Vivid2.mlmodel */ = {isa = PBXFileReference; lastKnownFileType = file.mlmodel; path = "CW-Vivid2.mlmodel"; sourceTree = "<group>"; };
		CB70D52422B5F28A003C6693 /* MM-Vivid2.mlmodel */ = {isa = PBXFileReference; lastKnownFileType = file.mlmodel; path = "MM-Vivid2.mlmodel"; sourceTree = "<group>"; };
		CB70D52622B6067C003C6693 /* CaptureResults.swift */ = {isa = PBXFileReference; lastKnownFileType = sourcecode.swift; path = CaptureResults.swift; sourceTree = "<group>"; };
		CBCAA81F22AF9F11001626B4 /* HomeController.swift */ = {isa = PBXFileReference; lastKnownFileType = sourcecode.swift; path = HomeController.swift; sourceTree = "<group>"; };
		CBCAA82122AF9F22001626B4 /* HomeViews.swift */ = {isa = PBXFileReference; lastKnownFileType = sourcecode.swift; path = HomeViews.swift; sourceTree = "<group>"; };
		CBE641A422B478AB001BFE48 /* MM-Vivid.mlmodel */ = {isa = PBXFileReference; lastKnownFileType = file.mlmodel; path = "MM-Vivid.mlmodel"; sourceTree = "<group>"; };
		CBE641A622B4A9C6001BFE48 /* ModelTester.swift */ = {isa = PBXFileReference; lastKnownFileType = sourcecode.swift; path = ModelTester.swift; sourceTree = "<group>"; };
		CBE641A822B4C618001BFE48 /* CW-Vivid.mlmodel */ = {isa = PBXFileReference; lastKnownFileType = file.mlmodel; path = "CW-Vivid.mlmodel"; sourceTree = "<group>"; };
/* End PBXFileReference section */

/* Begin PBXFrameworksBuildPhase section */
		CB239FCC22A77CAA00A2C4E9 /* Frameworks */ = {
			isa = PBXFrameworksBuildPhase;
			buildActionMask = 2147483647;
			files = (
			);
			runOnlyForDeploymentPostprocessing = 0;
		};
/* End PBXFrameworksBuildPhase section */

/* Begin PBXGroup section */
		CB239FC622A77CAA00A2C4E9 = {
			isa = PBXGroup;
			children = (
				CB239FD122A77CAA00A2C4E9 /* Viv-ID */,
				CB239FD022A77CAA00A2C4E9 /* Products */,
			);
			sourceTree = "<group>";
		};
		CB239FD022A77CAA00A2C4E9 /* Products */ = {
			isa = PBXGroup;
			children = (
				CB239FCF22A77CAA00A2C4E9 /* Viv-ID.app */,
			);
			name = Products;
			sourceTree = "<group>";
		};
		CB239FD122A77CAA00A2C4E9 /* Viv-ID */ = {
			isa = PBXGroup;
			children = (
				CB239FE422A77F7000A2C4E9 /* Models */,
				CB239FD222A77CAA00A2C4E9 /* AppDelegate.swift */,
				CB239FD422A77CAA00A2C4E9 /* ViewController.swift */,
				CB239FD922A77CAC00A2C4E9 /* Assets.xcassets */,
				CB239FDB22A77CAC00A2C4E9 /* LaunchScreen.storyboard */,
				CB239FDE22A77CAC00A2C4E9 /* Info.plist */,
				CBCAA81F22AF9F11001626B4 /* HomeController.swift */,
				CBCAA82122AF9F22001626B4 /* HomeViews.swift */,
				CBE641A622B4A9C6001BFE48 /* ModelTester.swift */,
				CB70D52622B6067C003C6693 /* CaptureResults.swift */,
			);
			path = "Viv-ID";
			sourceTree = "<group>";
		};
		CB239FE422A77F7000A2C4E9 /* Models */ = {
			isa = PBXGroup;
			children = (
				CB70D52022B5EFFD003C6693 /* CS-Vivid.mlmodel */,
				CBE641A822B4C618001BFE48 /* CW-Vivid.mlmodel */,
				CB70D52222B5F119003C6693 /* CW-Vivid2.mlmodel */,
				CBE641A422B478AB001BFE48 /* MM-Vivid.mlmodel */,
				CB70D52422B5F28A003C6693 /* MM-Vivid2.mlmodel */,
			);
			name = Models;
			path = "New Group";
			sourceTree = "<group>";
		};
/* End PBXGroup section */

/* Begin PBXNativeTarget section */
		CB239FCE22A77CAA00A2C4E9 /* Viv-ID */ = {
			isa = PBXNativeTarget;
			buildConfigurationList = CB239FE122A77CAC00A2C4E9 /* Build configuration list for PBXNativeTarget "Viv-ID" */;
			buildPhases = (
				CB239FCB22A77CAA00A2C4E9 /* Sources */,
				CB239FCC22A77CAA00A2C4E9 /* Frameworks */,
				CB239FCD22A77CAA00A2C4E9 /* Resources */,
			);
			buildRules = (
			);
			dependencies = (
			);
			name = "Viv-ID";
			productName = "Viv-ID";
			productReference = CB239FCF22A77CAA00A2C4E9 /* Viv-ID.app */;
			productType = "com.apple.product-type.application";
		};
/* End PBXNativeTarget section */

/* Begin PBXProject section */
		CB239FC722A77CAA00A2C4E9 /* Project object */ = {
			isa = PBXProject;
			attributes = {
				LastSwiftUpdateCheck = 1020;
				LastUpgradeCheck = 1020;
				ORGANIZATIONNAME = UTS;
				TargetAttributes = {
					CB239FCE22A77CAA00A2C4E9 = {
						CreatedOnToolsVersion = 10.2.1;
					};
				};
			};
			buildConfigurationList = CB239FCA22A77CAA00A2C4E9 /* Build configuration list for PBXProject "Viv-ID" */;
			compatibilityVersion = "Xcode 9.3";
			developmentRegion = en;
			hasScannedForEncodings = 0;
			knownRegions = (
				en,
				Base,
			);
			mainGroup = CB239FC622A77CAA00A2C4E9;
			productRefGroup = CB239FD022A77CAA00A2C4E9 /* Products */;
			projectDirPath = "";
			projectRoot = "";
			targets = (
				CB239FCE22A77CAA00A2C4E9 /* Viv-ID */,
			);
		};
/* End PBXProject section */

/* Begin PBXResourcesBuildPhase section */
		CB239FCD22A77CAA00A2C4E9 /* Resources */ = {
			isa = PBXResourcesBuildPhase;
			buildActionMask = 2147483647;
			files = (
				CB239FDD22A77CAC00A2C4E9 /* LaunchScreen.storyboard in Resources */,
				CB239FDA22A77CAC00A2C4E9 /* Assets.xcassets in Resources */,
			);
			runOnlyForDeploymentPostprocessing = 0;
		};
/* End PBXResourcesBuildPhase section */

/* Begin PBXSourcesBuildPhase section */
		CB239FCB22A77CAA00A2C4E9 /* Sources */ = {
			isa = PBXSourcesBuildPhase;
			buildActionMask = 2147483647;
			files = (
				CB70D52722B6067C003C6693 /* CaptureResults.swift in Sources */,
				CB239FD522A77CAA00A2C4E9 /* ViewController.swift in Sources */,
				CBE641A522B478AB001BFE48 /* MM-Vivid.mlmodel in Sources */,
				CBE641A922B4C618001BFE48 /* CW-Vivid.mlmodel in Sources */,
				CBCAA82222AF9F22001626B4 /* HomeViews.swift in Sources */,
				CBCAA82022AF9F11001626B4 /* HomeController.swift in Sources */,
				CB70D52322B5F119003C6693 /* CW-Vivid2.mlmodel in Sources */,
				CB70D52122B5EFFE003C6693 /* CS-Vivid.mlmodel in Sources */,
				CBE641A722B4A9C6001BFE48 /* ModelTester.swift in Sources */,
				CB70D52522B5F28A003C6693 /* MM-Vivid2.mlmodel in Sources */,
				CB239FD322A77CAA00A2C4E9 /* AppDelegate.swift in Sources */,
			);
			runOnlyForDeploymentPostprocessing = 0;
		};
/* End PBXSourcesBuildPhase section */

/* Begin PBXVariantGroup section */
		CB239FDB22A77CAC00A2C4E9 /* LaunchScreen.storyboard */ = {
			isa = PBXVariantGroup;
			children = (
				CB239FDC22A77CAC00A2C4E9 /* Base */,
			);
			name = LaunchScreen.storyboard;
			sourceTree = "<group>";
		};
/* End PBXVariantGroup section */

/* Begin XCBuildConfiguration section */
		CB239FDF22A77CAC00A2C4E9 /* Debug */ = {
			isa = XCBuildConfiguration;
			buildSettings = {
				ALWAYS_SEARCH_USER_PATHS = NO;
				CLANG_ANALYZER_NONNULL = YES;
				CLANG_ANALYZER_NUMBER_OBJECT_CONVERSION = YES_AGGRESSIVE;
				CLANG_CXX_LANGUAGE_STANDARD = "gnu++14";
				CLANG_CXX_LIBRARY = "libc++";
				CLANG_ENABLE_MODULES = YES;
				CLANG_ENABLE_OBJC_ARC = YES;
				CLANG_ENABLE_OBJC_WEAK = YES;
				CLANG_WARN_BLOCK_CAPTURE_AUTORELEASING = YES;
				CLANG_WARN_BOOL_CONVERSION = YES;
				CLANG_WARN_COMMA = YES;
				CLANG_WARN_CONSTANT_CONVERSION = YES;
				CLANG_WARN_DEPRECATED_OBJC_IMPLEMENTATIONS = YES;
				CLANG_WARN_DIRECT_OBJC_ISA_USAGE = YES_ERROR;
				CLANG_WARN_DOCUMENTATION_COMMENTS = YES;
				CLANG_WARN_EMPTY_BODY = YES;
				CLANG_WARN_ENUM_CONVERSION = YES;
				CLANG_WARN_INFINITE_RECURSION = YES;
				CLANG_WARN_INT_CONVERSION = YES;
				CLANG_WARN_NON_LITERAL_NULL_CONVERSION = YES;
				CLANG_WARN_OBJC_IMPLICIT_RETAIN_SELF = YES;
				CLANG_WARN_OBJC_LITERAL_CONVERSION = YES;
				CLANG_WARN_OBJC_ROOT_CLASS = YES_ERROR;
				CLANG_WARN_RANGE_LOOP_ANALYSIS = YES;
				CLANG_WARN_STRICT_PROTOTYPES = YES;
				CLANG_WARN_SUSPICIOUS_MOVE = YES;
				CLANG_WARN_UNGUARDED_AVAILABILITY = YES_AGGRESSIVE;
				CLANG_WARN_UNREACHABLE_CODE = YES;
				CLANG_WARN__DUPLICATE_METHOD_MATCH = YES;
				CODE_SIGN_IDENTITY = "iPhone Developer";
				COPY_PHASE_STRIP = NO;
				DEBUG_INFORMATION_FORMAT = dwarf;
				ENABLE_STRICT_OBJC_MSGSEND = YES;
				ENABLE_TESTABILITY = YES;
				GCC_C_LANGUAGE_STANDARD = gnu11;
				GCC_DYNAMIC_NO_PIC = NO;
				GCC_NO_COMMON_BLOCKS = YES;
				GCC_OPTIMIZATION_LEVEL = 0;
				GCC_PREPROCESSOR_DEFINITIONS = (
					"DEBUG=1",
					"$(inherited)",
				);
				GCC_WARN_64_TO_32_BIT_CONVERSION = YES;
				GCC_WARN_ABOUT_RETURN_TYPE = YES_ERROR;
				GCC_WARN_UNDECLARED_SELECTOR = YES;
				GCC_WARN_UNINITIALIZED_AUTOS = YES_AGGRESSIVE;
				GCC_WARN_UNUSED_FUNCTION = YES;
				GCC_WARN_UNUSED_VARIABLE = YES;
				IPHONEOS_DEPLOYMENT_TARGET = 12.2;
				MTL_ENABLE_DEBUG_INFO = INCLUDE_SOURCE;
				MTL_FAST_MATH = YES;
				ONLY_ACTIVE_ARCH = YES;
				SDKROOT = iphoneos;
				SWIFT_ACTIVE_COMPILATION_CONDITIONS = DEBUG;
				SWIFT_OPTIMIZATION_LEVEL = "-Onone";
			};
			name = Debug;
		};
		CB239FE022A77CAC00A2C4E9 /* Release */ = {
			isa = XCBuildConfiguration;
			buildSettings = {
				ALWAYS_SEARCH_USER_PATHS = NO;
				CLANG_ANALYZER_NONNULL = YES;
				CLANG_ANALYZER_NUMBER_OBJECT_CONVERSION = YES_AGGRESSIVE;
				CLANG_CXX_LANGUAGE_STANDARD = "gnu++14";
				CLANG_CXX_LIBRARY = "libc++";
				CLANG_ENABLE_MODULES = YES;
				CLANG_ENABLE_OBJC_ARC = YES;
				CLANG_ENABLE_OBJC_WEAK = YES;
				CLANG_WARN_BLOCK_CAPTURE_AUTORELEASING = YES;
				CLANG_WARN_BOOL_CONVERSION = YES;
				CLANG_WARN_COMMA = YES;
				CLANG_WARN_CONSTANT_CONVERSION = YES;
				CLANG_WARN_DEPRECATED_OBJC_IMPLEMENTATIONS = YES;
				CLANG_WARN_DIRECT_OBJC_ISA_USAGE = YES_ERROR;
				CLANG_WARN_DOCUMENTATION_COMMENTS = YES;
				CLANG_WARN_EMPTY_BODY = YES;
				CLANG_WARN_ENUM_CONVERSION = YES;
				CLANG_WARN_INFINITE_RECURSION = YES;
				CLANG_WARN_INT_CONVERSION = YES;
				CLANG_WARN_NON_LITERAL_NULL_CONVERSION = YES;
				CLANG_WARN_OBJC_IMPLICIT_RETAIN_SELF = YES;
				CLANG_WARN_OBJC_LITERAL_CONVERSION = YES;
				CLANG_WARN_OBJC_ROOT_CLASS = YES_ERROR;
				CLANG_WARN_RANGE_LOOP_ANALYSIS = YES;
				CLANG_WARN_STRICT_PROTOTYPES = YES;
				CLANG_WARN_SUSPICIOUS_MOVE = YES;
				CLANG_WARN_UNGUARDED_AVAILABILITY = YES_AGGRESSIVE;
				CLANG_WARN_UNREACHABLE_CODE = YES;
				CLANG_WARN__DUPLICATE_METHOD_MATCH = YES;
				CODE_SIGN_IDENTITY = "iPhone Developer";
				COPY_PHASE_STRIP = NO;
				DEBUG_INFORMATION_FORMAT = "dwarf-with-dsym";
				ENABLE_NS_ASSERTIONS = NO;
				ENABLE_STRICT_OBJC_MSGSEND = YES;
				GCC_C_LANGUAGE_STANDARD = gnu11;
				GCC_NO_COMMON_BLOCKS = YES;
				GCC_WARN_64_TO_32_BIT_CONVERSION = YES;
				GCC_WARN_ABOUT_RETURN_TYPE = YES_ERROR;
				GCC_WARN_UNDECLARED_SELECTOR = YES;
				GCC_WARN_UNINITIALIZED_AUTOS = YES_AGGRESSIVE;
				GCC_WARN_UNUSED_FUNCTION = YES;
				GCC_WARN_UNUSED_VARIABLE = YES;
				IPHONEOS_DEPLOYMENT_TARGET = 12.2;
				MTL_ENABLE_DEBUG_INFO = NO;
				MTL_FAST_MATH = YES;
				SDKROOT = iphoneos;
				SWIFT_COMPILATION_MODE = wholemodule;
				SWIFT_OPTIMIZATION_LEVEL = "-O";
				VALIDATE_PRODUCT = YES;
			};
			name = Release;
		};
		CB239FE222A77CAC00A2C4E9 /* Debug */ = {
			isa = XCBuildConfiguration;
			buildSettings = {
				ASSETCATALOG_COMPILER_APPICON_NAME = AppIcon;
				CODE_SIGN_STYLE = Automatic;
				DEVELOPMENT_TEAM = JW5G6WB9V7;
				INFOPLIST_FILE = "Viv-ID/Info.plist";
				LD_RUNPATH_SEARCH_PATHS = (
					"$(inherited)",
					"@executable_path/Frameworks",
				);
				PRODUCT_BUNDLE_IDENTIFIER = "com.uts.Viv-ID";
				PRODUCT_NAME = "$(TARGET_NAME)";
				SWIFT_VERSION = 5.0;
				TARGETED_DEVICE_FAMILY = "1,2";
			};
			name = Debug;
		};
		CB239FE322A77CAC00A2C4E9 /* Release */ = {
			isa = XCBuildConfiguration;
			buildSettings = {
				ASSETCATALOG_COMPILER_APPICON_NAME = AppIcon;
				CODE_SIGN_STYLE = Automatic;
				DEVELOPMENT_TEAM = JW5G6WB9V7;
				INFOPLIST_FILE = "Viv-ID/Info.plist";
				LD_RUNPATH_SEARCH_PATHS = (
					"$(inherited)",
					"@executable_path/Frameworks",
				);
				PRODUCT_BUNDLE_IDENTIFIER = "com.uts.Viv-ID";
				PRODUCT_NAME = "$(TARGET_NAME)";
				SWIFT_VERSION = 5.0;
				TARGETED_DEVICE_FAMILY = "1,2";
			};
			name = Release;
		};
/* End XCBuildConfiguration section */

/* Begin XCConfigurationList section */
		CB239FCA22A77CAA00A2C4E9 /* Build configuration list for PBXProject "Viv-ID" */ = {
			isa = XCConfigurationList;
			buildConfigurations = (
				CB239FDF22A77CAC00A2C4E9 /* Debug */,
				CB239FE022A77CAC00A2C4E9 /* Release */,
			);
			defaultConfigurationIsVisible = 0;
			defaultConfigurationName = Release;
		};
		CB239FE122A77CAC00A2C4E9 /* Build configuration list for PBXNativeTarget "Viv-ID" */ = {
			isa = XCConfigurationList;
			buildConfigurations = (
				CB239FE222A77CAC00A2C4E9 /* Debug */,
				CB239FE322A77CAC00A2C4E9 /* Release */,
			);
			defaultConfigurationIsVisible = 0;
			defaultConfigurationName = Release;
		};
/* End XCConfigurationList section */
	};
	rootObject = CB239FC722A77CAA00A2C4E9 /* Project object */;
}
